
Microsoft Visual Studio Solution File, Format Version 12.00
# Visual Studio Version 16
VisualStudioVersion = 16.0.30717.126
MinimumVisualStudioVersion = 10.0.40219.1
Project("{FAE04EC0-301F-11D3-BF4B-00C04F79EFBC}") = "SoloEx2", "SoloEx2.csproj", "{4CDC78C0-C856-4322-8555-37AD0F96508D}"
EndProject
Global
	GlobalSection(SolutionConfigurationPlatforms) = preSolution
		Debug|Any CPU = Debug|Any CPU
		Release|Any CPU = Release|Any CPU
	EndGlobalSection
	GlobalSection(ProjectConfigurationPlatforms) = postSolution
		{4CDC78C0-C856-4322-8555-37AD0F96508D}.Debug|Any CPU.ActiveCfg = Debug|Any CPU
		{4CDC78C0-C856-4322-8555-37AD0F96508D}.Debug|Any CPU.Build.0 = Debug|Any CPU
		{4CDC78C0-C856-4322-8555-37AD0F96508D}.Release|Any CPU.ActiveCfg = Release|Any CPU
		{4CDC78C0-C856-4322-8555-37AD0F96508D}.Release|Any CPU.Build.0 = Release|Any CPU
	EndGlobalSection
	GlobalSection(SolutionProperties) = preSolution
		HideSolutionNode = FALSE
	EndGlobalSection
	GlobalSection(ExtensibilityGlobals) = postSolution
		SolutionGuid = {0769FD32-F328-45F5-9FBA-D4F810226787}
	EndGlobalSection
EndGlobal
